
Microsoft Visual Studio Solution File, Format Version 12.00
# Visual Studio Version 16
VisualStudioVersion = 16.0.30114.105
MinimumVisualStudioVersion = 10.0.40219.1
Project("{FAE04EC0-301F-11D3-BF4B-00C04F79EFBC}") = "Conversion", "Conversion.csproj", "{076F5D7B-805D-45B8-B860-5C31DC72362F}"
EndProject
Global
	GlobalSection(SolutionConfigurationPlatforms) = preSolution
		Debug|Any CPU = Debug|Any CPU
		Release|Any CPU = Release|Any CPU
	EndGlobalSection
	GlobalSection(ProjectConfigurationPlatforms) = postSolution
		{076F5D7B-805D-45B8-B860-5C31DC72362F}.Debug|Any CPU.ActiveCfg = Debug|Any CPU
		{076F5D7B-805D-45B8-B860-5C31DC72362F}.Debug|Any CPU.Build.0 = Debug|Any CPU
		{076F5D7B-805D-45B8-B860-5C31DC72362F}.Release|Any CPU.ActiveCfg = Release|Any CPU
		{076F5D7B-805D-45B8-B860-5C31DC72362F}.Release|Any CPU.Build.0 = Release|Any CPU
	EndGlobalSection
	GlobalSection(SolutionProperties) = preSolution
		HideSolutionNode = FALSE
	EndGlobalSection
	GlobalSection(ExtensibilityGlobals) = postSolution
		SolutionGuid = {51A251C1-BFA7-4ED5-8B7C-D6CC18F65DFC}
	EndGlobalSection
EndGlobal
